
Microsoft Visual Studio Solution File, Format Version 12.00
# Visual Studio 14
VisualStudioVersion = 14.0.23107.0
MinimumVisualStudioVersion = 10.0.40219.1
Project("{FAE04EC0-301F-11D3-BF4B-00C04F79EFBC}") = "astchat.Client", "astchat.Client\astchat.Client.csproj", "{D376AC74-F77D-4360-A49C-38DC4A653AF6}"
EndProject
Project("{2150E333-8FDC-42A3-9474-1A3956D46DE8}") = "launcher", "launcher", "{11998D8A-D097-4CA3-A4C5-8D92854A6DC0}"
EndProject
Project("{FAE04EC0-301F-11D3-BF4B-00C04F79EFBC}") = "astchat.Client.Launcher.WinForm", "launcher\astchat.Client.Launcher.WinForm\astchat.Client.Launcher.WinForm.csproj", "{70FF35EE-DEC4-4F28-8B60-0E72783888E5}"
EndProject
Project("{FAE04EC0-301F-11D3-BF4B-00C04F79EFBC}") = "astchat.Client.Launcher.WPF", "launcher\astchat.Client.Launcher.WPF\astchat.Client.Launcher.WPF.csproj", "{53BC8D91-2B34-4903-9330-FD21D9F6567D}"
EndProject
Global
	GlobalSection(SolutionConfigurationPlatforms) = preSolution
		Debug|Any CPU = Debug|Any CPU
		Release|Any CPU = Release|Any CPU
	EndGlobalSection
	GlobalSection(ProjectConfigurationPlatforms) = postSolution
		{D376AC74-F77D-4360-A49C-38DC4A653AF6}.Debug|Any CPU.ActiveCfg = Debug|Any CPU
		{D376AC74-F77D-4360-A49C-38DC4A653AF6}.Debug|Any CPU.Build.0 = Debug|Any CPU
		{D376AC74-F77D-4360-A49C-38DC4A653AF6}.Release|Any CPU.ActiveCfg = Release|Any CPU
		{D376AC74-F77D-4360-A49C-38DC4A653AF6}.Release|Any CPU.Build.0 = Release|Any CPU
		{70FF35EE-DEC4-4F28-8B60-0E72783888E5}.Debug|Any CPU.ActiveCfg = Debug|Any CPU
		{70FF35EE-DEC4-4F28-8B60-0E72783888E5}.Debug|Any CPU.Build.0 = Debug|Any CPU
		{70FF35EE-DEC4-4F28-8B60-0E72783888E5}.Release|Any CPU.ActiveCfg = Release|Any CPU
		{70FF35EE-DEC4-4F28-8B60-0E72783888E5}.Release|Any CPU.Build.0 = Release|Any CPU
		{53BC8D91-2B34-4903-9330-FD21D9F6567D}.Debug|Any CPU.ActiveCfg = Debug|Any CPU
		{53BC8D91-2B34-4903-9330-FD21D9F6567D}.Debug|Any CPU.Build.0 = Debug|Any CPU
		{53BC8D91-2B34-4903-9330-FD21D9F6567D}.Release|Any CPU.ActiveCfg = Release|Any CPU
		{53BC8D91-2B34-4903-9330-FD21D9F6567D}.Release|Any CPU.Build.0 = Release|Any CPU
	EndGlobalSection
	GlobalSection(SolutionProperties) = preSolution
		HideSolutionNode = FALSE
	EndGlobalSection
	GlobalSection(NestedProjects) = preSolution
		{70FF35EE-DEC4-4F28-8B60-0E72783888E5} = {11998D8A-D097-4CA3-A4C5-8D92854A6DC0}
		{53BC8D91-2B34-4903-9330-FD21D9F6567D} = {11998D8A-D097-4CA3-A4C5-8D92854A6DC0}
	EndGlobalSection
EndGlobal
